Microsoft Visual Studio Solution File, Format Version 12.00
# Visual Studio Version 16
VisualStudioVersion = 16.0.29519.87
MinimumVisualStudioVersion = 10.0.40219.1
Project("{8BC9CEB8-8B4A-11D0-8D11-00A0C91BC942}") = "vogels_2011", "vogels_2011.vcxproj", "{5AB6D396-9673-4845-969E-CE3B30D0F096}"
	ProjectSection(ProjectDependencies) = postProject
		{93731594-957E-45EA-B4DE-D51E8ACFA100} = {93731594-957E-45EA-B4DE-D51E8ACFA100}
	EndProjectSection
EndProject
Project("{8BC9CEB8-8B4A-11D0-8D11-00A0C91BC942}") = "runner", "vogels_2011_CODE\runner.vcxproj", "{93731594-957E-45EA-B4DE-D51E8ACFA100}"
EndProject
Global
	GlobalSection(SolutionConfigurationPlatforms) = preSolution
		Debug|x64 = Debug|x64
		Release|x64 = Release|x64
	EndGlobalSection
	GlobalSection(ProjectConfigurationPlatforms) = postSolution
		{5AB6D396-9673-4845-969E-CE3B30D0F096}.Debug|x64.ActiveCfg = Debug|x64
		{5AB6D396-9673-4845-969E-CE3B30D0F096}.Debug|x64.Build.0 = Debug|x64
		{5AB6D396-9673-4845-969E-CE3B30D0F096}.Release|x64.ActiveCfg = Release|x64
		{5AB6D396-9673-4845-969E-CE3B30D0F096}.Release|x64.Build.0 = Release|x64
		{93731594-957E-45EA-B4DE-D51E8ACFA100}.Debug|x64.ActiveCfg = Debug|x64
		{93731594-957E-45EA-B4DE-D51E8ACFA100}.Debug|x64.Build.0 = Debug|x64
		{93731594-957E-45EA-B4DE-D51E8ACFA100}.Release|x64.ActiveCfg = Release|x64
		{93731594-957E-45EA-B4DE-D51E8ACFA100}.Release|x64.Build.0 = Release|x64
	EndGlobalSection
	GlobalSection(SolutionProperties) = preSolution
		HideSolutionNode = FALSE
	EndGlobalSection
	GlobalSection(ExtensibilityGlobals) = postSolution
		SolutionGuid = {FF662F49-BFC4-4607-8137-34798DBBC5CD}
	EndGlobalSection
EndGlobal
